// !$*UTF8*$!
{
	archiveVersion = 1;
	classes = {
	};
	objectVersion = 56;
	objects = {

/* Begin PBXBuildFile section */
		FA040A012943354C00C76868 /* CharactersViewModelController.swift in Sources */ = {isa = PBXBuildFile; fileRef = FA040A002943354C00C76868 /* CharactersViewModelController.swift */; };
		FA040A0529436EEE00C76868 /* WorldViewController.swift in Sources */ = {isa = PBXBuildFile; fileRef = FA040A0329436EEE00C76868 /* WorldViewController.swift */; };
		FA040A0629436EEE00C76868 /* WorldViewController.xib in Resources */ = {isa = PBXBuildFile; fileRef = FA040A0429436EEE00C76868 /* WorldViewController.xib */; };
		FA040A082943778800C76868 /* WorldModel.swift in Sources */ = {isa = PBXBuildFile; fileRef = FA040A072943778800C76868 /* WorldModel.swift */; };
		FA040A0C294377CE00C76868 /* WorldViewModel.swift in Sources */ = {isa = PBXBuildFile; fileRef = FA040A0B294377CE00C76868 /* WorldViewModel.swift */; };
		FA040A0F2943788400C76868 /* WorldResponseModel.swift in Sources */ = {isa = PBXBuildFile; fileRef = FA040A0E2943788400C76868 /* WorldResponseModel.swift */; };
		FA040A112943799500C76868 /* WorldRequest.swift in Sources */ = {isa = PBXBuildFile; fileRef = FA040A102943799500C76868 /* WorldRequest.swift */; };
		FA040A13294379C000C76868 /* WorldParser.swift in Sources */ = {isa = PBXBuildFile; fileRef = FA040A12294379C000C76868 /* WorldParser.swift */; };
		FA040A1629437A5C00C76868 /* WorldViewModelController.swift in Sources */ = {isa = PBXBuildFile; fileRef = FA040A1529437A5C00C76868 /* WorldViewModelController.swift */; };
		FA040A18294394BC00C76868 /* ErrorAlertsFactory.swift in Sources */ = {isa = PBXBuildFile; fileRef = FA040A17294394BC00C76868 /* ErrorAlertsFactory.swift */; };
		FA040A1A2943A02600C76868 /* CoreDataStack.swift in Sources */ = {isa = PBXBuildFile; fileRef = FA040A192943A02600C76868 /* CoreDataStack.swift */; };
		FA040A1D2943A05400C76868 /* CoreDataModel.xcdatamodeld in Sources */ = {isa = PBXBuildFile; fileRef = FA040A1B2943A05400C76868 /* CoreDataModel.xcdatamodeld */; };
		FA040A232943A2B500C76868 /* CoreDataService.swift in Sources */ = {isa = PBXBuildFile; fileRef = FA040A222943A2B500C76868 /* CoreDataService.swift */; };
		FA040A272945275700C76868 /* FilmsListAssembly.swift in Sources */ = {isa = PBXBuildFile; fileRef = FA040A262945275700C76868 /* FilmsListAssembly.swift */; };
		FA040A292945B33300C76868 /* FilmsListScreenRouter.swift in Sources */ = {isa = PBXBuildFile; fileRef = FA040A282945B33300C76868 /* FilmsListScreenRouter.swift */; };
		FA040A2B2945B3CC00C76868 /* CharactersListAssembly.swift in Sources */ = {isa = PBXBuildFile; fileRef = FA040A2A2945B3CC00C76868 /* CharactersListAssembly.swift */; };
		FA040A2D2945B40D00C76868 /* CharactersListRouter.swift in Sources */ = {isa = PBXBuildFile; fileRef = FA040A2C2945B40D00C76868 /* CharactersListRouter.swift */; };
		FA040A2F2945B45400C76868 /* WorldAssembly.swift in Sources */ = {isa = PBXBuildFile; fileRef = FA040A2E2945B45400C76868 /* WorldAssembly.swift */; };
		FA85277A29409F8B004560D5 /* AppDelegate.swift in Sources */ = {isa = PBXBuildFile; fileRef = FA85277929409F8B004560D5 /* AppDelegate.swift */; };
		FA85278129409F8B004560D5 /* Main.storyboard in Resources */ = {isa = PBXBuildFile; fileRef = FA85277F29409F8B004560D5 /* Main.storyboard */; };
		FA85278329409F8D004560D5 /* Assets.xcassets in Resources */ = {isa = PBXBuildFile; fileRef = FA85278229409F8D004560D5 /* Assets.xcassets */; };
		FA85278629409F8D004560D5 /* LaunchScreen.storyboard in Resources */ = {isa = PBXBuildFile; fileRef = FA85278429409F8D004560D5 /* LaunchScreen.storyboard */; };
		FA85278F2940A435004560D5 /* FilmsResponseModel.swift in Sources */ = {isa = PBXBuildFile; fileRef = FA85278E2940A435004560D5 /* FilmsResponseModel.swift */; };
		FA8527952940AFEA004560D5 /* RequestSender.swift in Sources */ = {isa = PBXBuildFile; fileRef = FA8527942940AFEA004560D5 /* RequestSender.swift */; };
		FA8527972940B007004560D5 /* FilmsRequest.swift in Sources */ = {isa = PBXBuildFile; fileRef = FA8527962940B007004560D5 /* FilmsRequest.swift */; };
		FA8527992940B041004560D5 /* FilmsParser.swift in Sources */ = {isa = PBXBuildFile; fileRef = FA8527982940B041004560D5 /* FilmsParser.swift */; };
		FA85279B2940B091004560D5 /* RequestsFactory.swift in Sources */ = {isa = PBXBuildFile; fileRef = FA85279A2940B091004560D5 /* RequestsFactory.swift */; };
		FA85279E2940B0FB004560D5 /* RequestConfig.swift in Sources */ = {isa = PBXBuildFile; fileRef = FA85279D2940B0FB004560D5 /* RequestConfig.swift */; };
		FA8527A02940B118004560D5 /* NetworkError.swift in Sources */ = {isa = PBXBuildFile; fileRef = FA85279F2940B118004560D5 /* NetworkError.swift */; };
		FA8527A32940B140004560D5 /* NetworkProtocols.swift in Sources */ = {isa = PBXBuildFile; fileRef = FA8527A22940B140004560D5 /* NetworkProtocols.swift */; };
		FA8527A72940B23F004560D5 /* FilmModel.swift in Sources */ = {isa = PBXBuildFile; fileRef = FA8527A62940B23F004560D5 /* FilmModel.swift */; };
		FA8527B22940B9BB004560D5 /* FilmsListViewModel.swift in Sources */ = {isa = PBXBuildFile; fileRef = FA8527B12940B9BB004560D5 /* FilmsListViewModel.swift */; };
		FA8527B42940B9D9004560D5 /* FilmsListViewModelController.swift in Sources */ = {isa = PBXBuildFile; fileRef = FA8527B32940B9D9004560D5 /* FilmsListViewModelController.swift */; };
		FA8527B72940C5B3004560D5 /* Logger.swift in Sources */ = {isa = PBXBuildFile; fileRef = FA8527B62940C5B3004560D5 /* Logger.swift */; };
		FA8527BA2940D045004560D5 /* FilmsListTableViewCell.swift in Sources */ = {isa = PBXBuildFile; fileRef = FA8527B82940D045004560D5 /* FilmsListTableViewCell.swift */; };
		FA8527BB2940D045004560D5 /* FilmsListTableViewCell.xib in Resources */ = {isa = PBXBuildFile; fileRef = FA8527B92940D045004560D5 /* FilmsListTableViewCell.xib */; };
		FA88DA322942212500C17145 /* FilmsListViewController.swift in Sources */ = {isa = PBXBuildFile; fileRef = FA88DA302942212500C17145 /* FilmsListViewController.swift */; };
		FA88DA332942212500C17145 /* FilmsListViewController.xib in Resources */ = {isa = PBXBuildFile; fileRef = FA88DA312942212500C17145 /* FilmsListViewController.xib */; };
		FA88DA352942227300C17145 /* ViewControllersFactory.swift in Sources */ = {isa = PBXBuildFile; fileRef = FA88DA342942227300C17145 /* ViewControllersFactory.swift */; };
		FAAB3F242943273D00A4999E /* CharactersListViewController.swift in Sources */ = {isa = PBXBuildFile; fileRef = FAAB3F222943273D00A4999E /* CharactersListViewController.swift */; };
		FAAB3F252943273D00A4999E /* CharactersListViewController.xib in Resources */ = {isa = PBXBuildFile; fileRef = FAAB3F232943273D00A4999E /* CharactersListViewController.xib */; };
		FAAB3F2829432A7D00A4999E /* CharactersListTableViewCell.swift in Sources */ = {isa = PBXBuildFile; fileRef = FAAB3F2629432A7D00A4999E /* CharactersListTableViewCell.swift */; };
		FAAB3F2929432A7D00A4999E /* CharactersListTableViewCell.xib in Resources */ = {isa = PBXBuildFile; fileRef = FAAB3F2729432A7D00A4999E /* CharactersListTableViewCell.xib */; };
		FAAB3F2B29432D7300A4999E /* CharacterModel.swift in Sources */ = {isa = PBXBuildFile; fileRef = FAAB3F2A29432D7300A4999E /* CharacterModel.swift */; };
		FAAB3F2D29432F2F00A4999E /* Router.swift in Sources */ = {isa = PBXBuildFile; fileRef = FAAB3F2C29432F2F00A4999E /* Router.swift */; };
		FAAB3F312943311100A4999E /* CharactersListViewModel.swift in Sources */ = {isa = PBXBuildFile; fileRef = FAAB3F302943311100A4999E /* CharactersListViewModel.swift */; };
		FAAB3F342943318500A4999E /* CharactersResponseModel.swift in Sources */ = {isa = PBXBuildFile; fileRef = FAAB3F332943318500A4999E /* CharactersResponseModel.swift */; };
		FAAB3F372943326C00A4999E /* CharactersRequest.swift in Sources */ = {isa = PBXBuildFile; fileRef = FAAB3F362943326C00A4999E /* CharactersRequest.swift */; };
		FAAB3F392943330500A4999E /* CharactersParser.swift in Sources */ = {isa = PBXBuildFile; fileRef = FAAB3F382943330500A4999E /* CharactersParser.swift */; };
/* End PBXBuildFile section */

/* Begin PBXFileReference section */
		FA040A002943354C00C76868 /* CharactersViewModelController.swift */ = {isa = PBXFileReference; lastKnownFileType = sourcecode.swift; path = CharactersViewModelController.swift; sourceTree = "<group>"; };
		FA040A0329436EEE00C76868 /* WorldViewController.swift */ = {isa = PBXFileReference; lastKnownFileType = sourcecode.swift; path = WorldViewController.swift; sourceTree = "<group>"; };
		FA040A0429436EEE00C76868 /* WorldViewController.xib */ = {isa = PBXFileReference; lastKnownFileType = file.xib; path = WorldViewController.xib; sourceTree = "<group>"; };
		FA040A072943778800C76868 /* WorldModel.swift */ = {isa = PBXFileReference; lastKnownFileType = sourcecode.swift; path = WorldModel.swift; sourceTree = "<group>"; };
		FA040A0B294377CE00C76868 /* WorldViewModel.swift */ = {isa = PBXFileReference; lastKnownFileType = sourcecode.swift; path = WorldViewModel.swift; sourceTree = "<group>"; };
		FA040A0E2943788400C76868 /* WorldResponseModel.swift */ = {isa = PBXFileReference; lastKnownFileType = sourcecode.swift; path = WorldResponseModel.swift; sourceTree = "<group>"; };
		FA040A102943799500C76868 /* WorldRequest.swift */ = {isa = PBXFileReference; lastKnownFileType = sourcecode.swift; path = WorldRequest.swift; sourceTree = "<group>"; };
		FA040A12294379C000C76868 /* WorldParser.swift */ = {isa = PBXFileReference; lastKnownFileType = sourcecode.swift; path = WorldParser.swift; sourceTree = "<group>"; };
		FA040A1529437A5C00C76868 /* WorldViewModelController.swift */ = {isa = PBXFileReference; lastKnownFileType = sourcecode.swift; path = WorldViewModelController.swift; sourceTree = "<group>"; };
		FA040A17294394BC00C76868 /* ErrorAlertsFactory.swift */ = {isa = PBXFileReference; lastKnownFileType = sourcecode.swift; path = ErrorAlertsFactory.swift; sourceTree = "<group>"; };
		FA040A192943A02600C76868 /* CoreDataStack.swift */ = {isa = PBXFileReference; lastKnownFileType = sourcecode.swift; path = CoreDataStack.swift; sourceTree = "<group>"; };
		FA040A1C2943A05400C76868 /* CoreDataModel.xcdatamodel */ = {isa = PBXFileReference; lastKnownFileType = wrapper.xcdatamodel; path = CoreDataModel.xcdatamodel; sourceTree = "<group>"; };
		FA040A222943A2B500C76868 /* CoreDataService.swift */ = {isa = PBXFileReference; lastKnownFileType = sourcecode.swift; path = CoreDataService.swift; sourceTree = "<group>"; };
		FA040A262945275700C76868 /* FilmsListAssembly.swift */ = {isa = PBXFileReference; lastKnownFileType = sourcecode.swift; path = FilmsListAssembly.swift; sourceTree = "<group>"; };
		FA040A282945B33300C76868 /* FilmsListScreenRouter.swift */ = {isa = PBXFileReference; lastKnownFileType = sourcecode.swift; path = FilmsListScreenRouter.swift; sourceTree = "<group>"; };
		FA040A2A2945B3CC00C76868 /* CharactersListAssembly.swift */ = {isa = PBXFileReference; lastKnownFileType = sourcecode.swift; path = CharactersListAssembly.swift; sourceTree = "<group>"; };
		FA040A2C2945B40D00C76868 /* CharactersListRouter.swift */ = {isa = PBXFileReference; lastKnownFileType = sourcecode.swift; path = CharactersListRouter.swift; sourceTree = "<group>"; };
		FA040A2E2945B45400C76868 /* WorldAssembly.swift */ = {isa = PBXFileReference; lastKnownFileType = sourcecode.swift; path = WorldAssembly.swift; sourceTree = "<group>"; };
		FA85277629409F8B004560D5 /* StarWarsWorld.app */ = {isa = PBXFileReference; explicitFileType = wrapper.application; includeInIndex = 0; path = StarWarsWorld.app; sourceTree = BUILT_PRODUCTS_DIR; };
		FA85277929409F8B004560D5 /* AppDelegate.swift */ = {isa = PBXFileReference; lastKnownFileType = sourcecode.swift; path = AppDelegate.swift; sourceTree = "<group>"; };
		FA85278029409F8B004560D5 /* Base */ = {isa = PBXFileReference; lastKnownFileType = file.storyboard; name = Base; path = Base.lproj/Main.storyboard; sourceTree = "<group>"; };
		FA85278229409F8D004560D5 /* Assets.xcassets */ = {isa = PBXFileReference; lastKnownFileType = folder.assetcatalog; path = Assets.xcassets; sourceTree = "<group>"; };
		FA85278529409F8D004560D5 /* Base */ = {isa = PBXFileReference; lastKnownFileType = file.storyboard; name = Base; path = Base.lproj/LaunchScreen.storyboard; sourceTree = "<group>"; };
		FA85278729409F8D004560D5 /* Info.plist */ = {isa = PBXFileReference; lastKnownFileType = text.plist.xml; path = Info.plist; sourceTree = "<group>"; };
		FA85278E2940A435004560D5 /* FilmsResponseModel.swift */ = {isa = PBXFileReference; lastKnownFileType = sourcecode.swift; path = FilmsResponseModel.swift; sourceTree = "<group>"; };
		FA8527942940AFEA004560D5 /* RequestSender.swift */ = {isa = PBXFileReference; lastKnownFileType = sourcecode.swift; path = RequestSender.swift; sourceTree = "<group>"; };
		FA8527962940B007004560D5 /* FilmsRequest.swift */ = {isa = PBXFileReference; lastKnownFileType = sourcecode.swift; path = FilmsRequest.swift; sourceTree = "<group>"; };
		FA8527982940B041004560D5 /* FilmsParser.swift */ = {isa = PBXFileReference; lastKnownFileType = sourcecode.swift; path = FilmsParser.swift; sourceTree = "<group>"; };
		FA85279A2940B091004560D5 /* RequestsFactory.swift */ = {isa = PBXFileReference; lastKnownFileType = sourcecode.swift; path = RequestsFactory.swift; sourceTree = "<group>"; };
		FA85279D2940B0FB004560D5 /* RequestConfig.swift */ = {isa = PBXFileReference; lastKnownFileType = sourcecode.swift; path = RequestConfig.swift; sourceTree = "<group>"; };
		FA85279F2940B118004560D5 /* NetworkError.swift */ = {isa = PBXFileReference; lastKnownFileType = sourcecode.swift; path = NetworkError.swift; sourceTree = "<group>"; };
		FA8527A22940B140004560D5 /* NetworkProtocols.swift */ = {isa = PBXFileReference; lastKnownFileType = sourcecode.swift; path = NetworkProtocols.swift; sourceTree = "<group>"; };
		FA8527A62940B23F004560D5 /* FilmModel.swift */ = {isa = PBXFileReference; lastKnownFileType = sourcecode.swift; path = FilmModel.swift; sourceTree = "<group>"; };
		FA8527B12940B9BB004560D5 /* FilmsListViewModel.swift */ = {isa = PBXFileReference; lastKnownFileType = sourcecode.swift; path = FilmsListViewModel.swift; sourceTree = "<group>"; };
		FA8527B32940B9D9004560D5 /* FilmsListViewModelController.swift */ = {isa = PBXFileReference; lastKnownFileType = sourcecode.swift; path = FilmsListViewModelController.swift; sourceTree = "<group>"; };
		FA8527B62940C5B3004560D5 /* Logger.swift */ = {isa = PBXFileReference; lastKnownFileType = sourcecode.swift; path = Logger.swift; sourceTree = "<group>"; };
		FA8527B82940D045004560D5 /* FilmsListTableViewCell.swift */ = {isa = PBXFileReference; lastKnownFileType = sourcecode.swift; path = FilmsListTableViewCell.swift; sourceTree = "<group>"; };
		FA8527B92940D045004560D5 /* FilmsListTableViewCell.xib */ = {isa = PBXFileReference; lastKnownFileType = file.xib; path = FilmsListTableViewCell.xib; sourceTree = "<group>"; };
		FA88DA302942212500C17145 /* FilmsListViewController.swift */ = {isa = PBXFileReference; lastKnownFileType = sourcecode.swift; path = FilmsListViewController.swift; sourceTree = "<group>"; };
		FA88DA312942212500C17145 /* FilmsListViewController.xib */ = {isa = PBXFileReference; lastKnownFileType = file.xib; path = FilmsListViewController.xib; sourceTree = "<group>"; };
		FA88DA342942227300C17145 /* ViewControllersFactory.swift */ = {isa = PBXFileReference; lastKnownFileType = sourcecode.swift; path = ViewControllersFactory.swift; sourceTree = "<group>"; };
		FAAB3F222943273D00A4999E /* CharactersListViewController.swift */ = {isa = PBXFileReference; lastKnownFileType = sourcecode.swift; path = CharactersListViewController.swift; sourceTree = "<group>"; };
		FAAB3F232943273D00A4999E /* CharactersListViewController.xib */ = {isa = PBXFileReference; lastKnownFileType = file.xib; path = CharactersListViewController.xib; sourceTree = "<group>"; };
		FAAB3F2629432A7D00A4999E /* CharactersListTableViewCell.swift */ = {isa = PBXFileReference; lastKnownFileType = sourcecode.swift; path = CharactersListTableViewCell.swift; sourceTree = "<group>"; };
		FAAB3F2729432A7D00A4999E /* CharactersListTableViewCell.xib */ = {isa = PBXFileReference; lastKnownFileType = file.xib; path = CharactersListTableViewCell.xib; sourceTree = "<group>"; };
		FAAB3F2A29432D7300A4999E /* CharacterModel.swift */ = {isa = PBXFileReference; lastKnownFileType = sourcecode.swift; path = CharacterModel.swift; sourceTree = "<group>"; };
		FAAB3F2C29432F2F00A4999E /* Router.swift */ = {isa = PBXFileReference; lastKnownFileType = sourcecode.swift; path = Router.swift; sourceTree = "<group>"; };
		FAAB3F302943311100A4999E /* CharactersListViewModel.swift */ = {isa = PBXFileReference; lastKnownFileType = sourcecode.swift; path = CharactersListViewModel.swift; sourceTree = "<group>"; };
		FAAB3F332943318500A4999E /* CharactersResponseModel.swift */ = {isa = PBXFileReference; lastKnownFileType = sourcecode.swift; path = CharactersResponseModel.swift; sourceTree = "<group>"; };
		FAAB3F362943326C00A4999E /* CharactersRequest.swift */ = {isa = PBXFileReference; lastKnownFileType = sourcecode.swift; path = CharactersRequest.swift; sourceTree = "<group>"; };
		FAAB3F382943330500A4999E /* CharactersParser.swift */ = {isa = PBXFileReference; lastKnownFileType = sourcecode.swift; path = CharactersParser.swift; sourceTree = "<group>"; };
/* End PBXFileReference section */

/* Begin PBXFrameworksBuildPhase section */
		FA85277329409F8B004560D5 /* Frameworks */ = {
			isa = PBXFrameworksBuildPhase;
			buildActionMask = 2147483647;
			files = (
			);
			runOnlyForDeploymentPostprocessing = 0;
		};
/* End PBXFrameworksBuildPhase section */

/* Begin PBXGroup section */
		FA040A0229436EA700C76868 /* WorldScreen */ = {
			isa = PBXGroup;
			children = (
				FA040A2E2945B45400C76868 /* WorldAssembly.swift */,
				FA040A0A294377BF00C76868 /* View */,
				FA040A09294377B800C76868 /* Model */,
				FA040A1429437A4600C76868 /* ViewModel */,
			);
			path = WorldScreen;
			sourceTree = "<group>";
		};
		FA040A09294377B800C76868 /* Model */ = {
			isa = PBXGroup;
			children = (
				FA040A072943778800C76868 /* WorldModel.swift */,
			);
			path = Model;
			sourceTree = "<group>";
		};
		FA040A0A294377BF00C76868 /* View */ = {
			isa = PBXGroup;
			children = (
				FA040A0329436EEE00C76868 /* WorldViewController.swift */,
				FA040A0429436EEE00C76868 /* WorldViewController.xib */,
			);
			path = View;
			sourceTree = "<group>";
		};
		FA040A0D2943787300C76868 /* World */ = {
			isa = PBXGroup;
			children = (
				FA040A0E2943788400C76868 /* WorldResponseModel.swift */,
				FA040A102943799500C76868 /* WorldRequest.swift */,
				FA040A12294379C000C76868 /* WorldParser.swift */,
			);
			path = World;
			sourceTree = "<group>";
		};
		FA040A1429437A4600C76868 /* ViewModel */ = {
			isa = PBXGroup;
			children = (
				FA040A0B294377CE00C76868 /* WorldViewModel.swift */,
				FA040A1529437A5C00C76868 /* WorldViewModelController.swift */,
			);
			path = ViewModel;
			sourceTree = "<group>";
		};
		FA040A1E2943A26200C76868 /* CoreData */ = {
			isa = PBXGroup;
			children = (
				FA040A192943A02600C76868 /* CoreDataStack.swift */,
				FA040A1B2943A05400C76868 /* CoreDataModel.xcdatamodeld */,
			);
			path = CoreData;
			sourceTree = "<group>";
		};
		FA040A1F2943A27400C76868 /* Models */ = {
			isa = PBXGroup;
			children = (
				FA85279D2940B0FB004560D5 /* RequestConfig.swift */,
				FA85279F2940B118004560D5 /* NetworkError.swift */,
			);
			path = Models;
			sourceTree = "<group>";
		};
		FA040A202943A29900C76868 /* NetworkService */ = {
			isa = PBXGroup;
			children = (
				FA040A0D2943787300C76868 /* World */,
				FAAB3F322943316A00A4999E /* Characters */,
				FA8527A82940B3CD004560D5 /* RequestSender */,
				FA8527AA2940B3E3004560D5 /* Films */,
				FA8527AB2940B403004560D5 /* Factories */,
			);
			path = NetworkService;
			sourceTree = "<group>";
		};
		FA040A212943A2A400C76868 /* CoreDataService */ = {
			isa = PBXGroup;
			children = (
				FA040A222943A2B500C76868 /* CoreDataService.swift */,
			);
			path = CoreDataService;
			sourceTree = "<group>";
		};
		FA040A2429451D1700C76868 /* Factories */ = {
			isa = PBXGroup;
			children = (
				FA040A17294394BC00C76868 /* ErrorAlertsFactory.swift */,
			);
			path = Factories;
			sourceTree = "<group>";
		};
		FA85276D29409F8B004560D5 = {
			isa = PBXGroup;
			children = (
				FA85277829409F8B004560D5 /* StarWarsWorld */,
				FA85277729409F8B004560D5 /* Products */,
			);
			sourceTree = "<group>";
		};
		FA85277729409F8B004560D5 /* Products */ = {
			isa = PBXGroup;
			children = (
				FA85277629409F8B004560D5 /* StarWarsWorld.app */,
			);
			name = Products;
			sourceTree = "<group>";
		};
		FA85277829409F8B004560D5 /* StarWarsWorld */ = {
			isa = PBXGroup;
			children = (
				FA88DA342942227300C17145 /* ViewControllersFactory.swift */,
				FAAB3F2C29432F2F00A4999E /* Router.swift */,
				FA85277929409F8B004560D5 /* AppDelegate.swift */,
				FA040A2429451D1700C76868 /* Factories */,
				FA8527AE2940B8AA004560D5 /* PresentationLayer */,
				FA85278D2940A41C004560D5 /* ServiceLayer */,
				FA85279C2940B0ED004560D5 /* CoreLayer */,
				FA8527A12940B121004560D5 /* Protocols */,
				FA85277F29409F8B004560D5 /* Main.storyboard */,
				FA85278229409F8D004560D5 /* Assets.xcassets */,
				FA85278429409F8D004560D5 /* LaunchScreen.storyboard */,
				FA85278729409F8D004560D5 /* Info.plist */,
				FA8527B62940C5B3004560D5 /* Logger.swift */,
			);
			path = StarWarsWorld;
			sourceTree = "<group>";
		};
		FA85278D2940A41C004560D5 /* ServiceLayer */ = {
			isa = PBXGroup;
			children = (
				FA040A212943A2A400C76868 /* CoreDataService */,
				FA040A202943A29900C76868 /* NetworkService */,
			);
			path = ServiceLayer;
			sourceTree = "<group>";
		};
		FA85279C2940B0ED004560D5 /* CoreLayer */ = {
			isa = PBXGroup;
			children = (
				FA040A1F2943A27400C76868 /* Models */,
				FA040A1E2943A26200C76868 /* CoreData */,
			);
			path = CoreLayer;
			sourceTree = "<group>";
		};
		FA8527A12940B121004560D5 /* Protocols */ = {
			isa = PBXGroup;
			children = (
				FA8527A22940B140004560D5 /* NetworkProtocols.swift */,
			);
			path = Protocols;
			sourceTree = "<group>";
		};
		FA8527A82940B3CD004560D5 /* RequestSender */ = {
			isa = PBXGroup;
			children = (
				FA8527942940AFEA004560D5 /* RequestSender.swift */,
			);
			path = RequestSender;
			sourceTree = "<group>";
		};
		FA8527AA2940B3E3004560D5 /* Films */ = {
			isa = PBXGroup;
			children = (
				FA85278E2940A435004560D5 /* FilmsResponseModel.swift */,
				FA8527962940B007004560D5 /* FilmsRequest.swift */,
				FA8527982940B041004560D5 /* FilmsParser.swift */,
			);
			path = Films;
			sourceTree = "<group>";
		};
		FA8527AB2940B403004560D5 /* Factories */ = {
			isa = PBXGroup;
			children = (
				FA85279A2940B091004560D5 /* RequestsFactory.swift */,
			);
			path = Factories;
			sourceTree = "<group>";
		};
		FA8527AE2940B8AA004560D5 /* PresentationLayer */ = {
			isa = PBXGroup;
			children = (
				FA88DA362942243000C17145 /* FilmsListScreen */,
				FAAB3F212943272100A4999E /* CharactersListScreen */,
				FA040A0229436EA700C76868 /* WorldScreen */,
			);
			path = PresentationLayer;
			sourceTree = "<group>";
		};
		FA8527AF2940B972004560D5 /* View */ = {
			isa = PBXGroup;
			children = (
				FA88DA302942212500C17145 /* FilmsListViewController.swift */,
				FA88DA312942212500C17145 /* FilmsListViewController.xib */,
				FA8527B82940D045004560D5 /* FilmsListTableViewCell.swift */,
				FA8527B92940D045004560D5 /* FilmsListTableViewCell.xib */,
			);
			path = View;
			sourceTree = "<group>";
		};
		FA8527B02940B9A3004560D5 /* Model */ = {
			isa = PBXGroup;
			children = (
				FA8527A62940B23F004560D5 /* FilmModel.swift */,
			);
			path = Model;
			sourceTree = "<group>";
		};
		FA8527B52940B9F8004560D5 /* ViewModel */ = {
			isa = PBXGroup;
			children = (
				FA8527B12940B9BB004560D5 /* FilmsListViewModel.swift */,
				FA8527B32940B9D9004560D5 /* FilmsListViewModelController.swift */,
			);
			path = ViewModel;
			sourceTree = "<group>";
		};
		FA88DA362942243000C17145 /* FilmsListScreen */ = {
			isa = PBXGroup;
			children = (
				FA040A262945275700C76868 /* FilmsListAssembly.swift */,
				FA040A282945B33300C76868 /* FilmsListScreenRouter.swift */,
				FA8527B02940B9A3004560D5 /* Model */,
				FA8527AF2940B972004560D5 /* View */,
				FA8527B52940B9F8004560D5 /* ViewModel */,
			);
			path = FilmsListScreen;
			sourceTree = "<group>";
		};
		FAAB3F212943272100A4999E /* CharactersListScreen */ = {
			isa = PBXGroup;
			children = (
				FA040A2A2945B3CC00C76868 /* CharactersListAssembly.swift */,
				FA040A2C2945B40D00C76868 /* CharactersListRouter.swift */,
				FAAB3F2F294330C600A4999E /* Model */,
				FAAB3F2E294330BF00A4999E /* View */,
				FAAB3F352943324B00A4999E /* ViewModel */,
			);
			path = CharactersListScreen;
			sourceTree = "<group>";
		};
		FAAB3F2E294330BF00A4999E /* View */ = {
			isa = PBXGroup;
			children = (
				FAAB3F222943273D00A4999E /* CharactersListViewController.swift */,
				FAAB3F232943273D00A4999E /* CharactersListViewController.xib */,
				FAAB3F2629432A7D00A4999E /* CharactersListTableViewCell.swift */,
				FAAB3F2729432A7D00A4999E /* CharactersListTableViewCell.xib */,
			);
			path = View;
			sourceTree = "<group>";
		};
		FAAB3F2F294330C600A4999E /* Model */ = {
			isa = PBXGroup;
			children = (
				FAAB3F2A29432D7300A4999E /* CharacterModel.swift */,
			);
			path = Model;
			sourceTree = "<group>";
		};
		FAAB3F322943316A00A4999E /* Characters */ = {
			isa = PBXGroup;
			children = (
				FAAB3F332943318500A4999E /* CharactersResponseModel.swift */,
				FAAB3F362943326C00A4999E /* CharactersRequest.swift */,
				FAAB3F382943330500A4999E /* CharactersParser.swift */,
			);
			path = Characters;
			sourceTree = "<group>";
		};
		FAAB3F352943324B00A4999E /* ViewModel */ = {
			isa = PBXGroup;
			children = (
				FAAB3F302943311100A4999E /* CharactersListViewModel.swift */,
				FA040A002943354C00C76868 /* CharactersViewModelController.swift */,
			);
			path = ViewModel;
			sourceTree = "<group>";
		};
/* End PBXGroup section */

/* Begin PBXNativeTarget section */
		FA85277529409F8B004560D5 /* StarWarsWorld */ = {
			isa = PBXNativeTarget;
			buildConfigurationList = FA85278A29409F8D004560D5 /* Build configuration list for PBXNativeTarget "StarWarsWorld" */;
			buildPhases = (
				FA85277229409F8B004560D5 /* Sources */,
				FA85277329409F8B004560D5 /* Frameworks */,
				FA85277429409F8B004560D5 /* Resources */,
			);
			buildRules = (
			);
			dependencies = (
			);
			name = StarWarsWorld;
			productName = StarWarsWorld;
			productReference = FA85277629409F8B004560D5 /* StarWarsWorld.app */;
			productType = "com.apple.product-type.application";
		};
/* End PBXNativeTarget section */

/* Begin PBXProject section */
		FA85276E29409F8B004560D5 /* Project object */ = {
			isa = PBXProject;
			attributes = {
				BuildIndependentTargetsInParallel = 1;
				LastSwiftUpdateCheck = 1410;
				LastUpgradeCheck = 1410;
				TargetAttributes = {
					FA85277529409F8B004560D5 = {
						CreatedOnToolsVersion = 14.1;
					};
				};
			};
			buildConfigurationList = FA85277129409F8B004560D5 /* Build configuration list for PBXProject "StarWarsWorld" */;
			compatibilityVersion = "Xcode 14.0";
			developmentRegion = en;
			hasScannedForEncodings = 0;
			knownRegions = (
				en,
				Base,
			);
			mainGroup = FA85276D29409F8B004560D5;
			productRefGroup = FA85277729409F8B004560D5 /* Products */;
			projectDirPath = "";
			projectRoot = "";
			targets = (
				FA85277529409F8B004560D5 /* StarWarsWorld */,
			);
		};
/* End PBXProject section */

/* Begin PBXResourcesBuildPhase section */
		FA85277429409F8B004560D5 /* Resources */ = {
			isa = PBXResourcesBuildPhase;
			buildActionMask = 2147483647;
			files = (
				FA85278629409F8D004560D5 /* LaunchScreen.storyboard in Resources */,
				FA8527BB2940D045004560D5 /* FilmsListTableViewCell.xib in Resources */,
				FA85278329409F8D004560D5 /* Assets.xcassets in Resources */,
				FA88DA332942212500C17145 /* FilmsListViewController.xib in Resources */,
				FAAB3F252943273D00A4999E /* CharactersListViewController.xib in Resources */,
				FA85278129409F8B004560D5 /* Main.storyboard in Resources */,
				FAAB3F2929432A7D00A4999E /* CharactersListTableViewCell.xib in Resources */,
				FA040A0629436EEE00C76868 /* WorldViewController.xib in Resources */,
			);
			runOnlyForDeploymentPostprocessing = 0;
		};
/* End PBXResourcesBuildPhase section */

/* Begin PBXSourcesBuildPhase section */
		FA85277229409F8B004560D5 /* Sources */ = {
			isa = PBXSourcesBuildPhase;
			buildActionMask = 2147483647;
			files = (
				FAAB3F342943318500A4999E /* CharactersResponseModel.swift in Sources */,
				FA8527A32940B140004560D5 /* NetworkProtocols.swift in Sources */,
				FA8527BA2940D045004560D5 /* FilmsListTableViewCell.swift in Sources */,
				FA85277A29409F8B004560D5 /* AppDelegate.swift in Sources */,
				FA040A2B2945B3CC00C76868 /* CharactersListAssembly.swift in Sources */,
				FA040A112943799500C76868 /* WorldRequest.swift in Sources */,
				FA8527B42940B9D9004560D5 /* FilmsListViewModelController.swift in Sources */,
				FA85279B2940B091004560D5 /* RequestsFactory.swift in Sources */,
				FA040A18294394BC00C76868 /* ErrorAlertsFactory.swift in Sources */,
				FA040A0C294377CE00C76868 /* WorldViewModel.swift in Sources */,
				FAAB3F392943330500A4999E /* CharactersParser.swift in Sources */,
				FA040A0529436EEE00C76868 /* WorldViewController.swift in Sources */,
				FAAB3F2B29432D7300A4999E /* CharacterModel.swift in Sources */,
				FA8527952940AFEA004560D5 /* RequestSender.swift in Sources */,
				FA8527B72940C5B3004560D5 /* Logger.swift in Sources */,
				FA040A2F2945B45400C76868 /* WorldAssembly.swift in Sources */,
				FAAB3F242943273D00A4999E /* CharactersListViewController.swift in Sources */,
				FA040A0F2943788400C76868 /* WorldResponseModel.swift in Sources */,
				FA040A232943A2B500C76868 /* CoreDataService.swift in Sources */,
				FA85279E2940B0FB004560D5 /* RequestConfig.swift in Sources */,
				FA040A292945B33300C76868 /* FilmsListScreenRouter.swift in Sources */,
				FA040A13294379C000C76868 /* WorldParser.swift in Sources */,
				FA040A1629437A5C00C76868 /* WorldViewModelController.swift in Sources */,
				FA040A1D2943A05400C76868 /* CoreDataModel.xcdatamodeld in Sources */,
				FA8527992940B041004560D5 /* FilmsParser.swift in Sources */,
				FA88DA352942227300C17145 /* ViewControllersFactory.swift in Sources */,
				FAAB3F2D29432F2F00A4999E /* Router.swift in Sources */,
				FA040A2D2945B40D00C76868 /* CharactersListRouter.swift in Sources */,
				FA040A082943778800C76868 /* WorldModel.swift in Sources */,
				FAAB3F312943311100A4999E /* CharactersListViewModel.swift in Sources */,
				FA8527B22940B9BB004560D5 /* FilmsListViewModel.swift in Sources */,
				FA8527972940B007004560D5 /* FilmsRequest.swift in Sources */,
				FAAB3F2829432A7D00A4999E /* CharactersListTableViewCell.swift in Sources */,
				FAAB3F372943326C00A4999E /* CharactersRequest.swift in Sources */,
				FA040A012943354C00C76868 /* CharactersViewModelController.swift in Sources */,
				FA040A1A2943A02600C76868 /* CoreDataStack.swift in Sources */,
				FA88DA322942212500C17145 /* FilmsListViewController.swift in Sources */,
				FA85278F2940A435004560D5 /* FilmsResponseModel.swift in Sources */,
				FA8527A72940B23F004560D5 /* FilmModel.swift in Sources */,
				FA8527A02940B118004560D5 /* NetworkError.swift in Sources */,
				FA040A272945275700C76868 /* FilmsListAssembly.swift in Sources */,
			);
			runOnlyForDeploymentPostprocessing = 0;
		};
/* End PBXSourcesBuildPhase section */

/* Begin PBXVariantGroup section */
		FA85277F29409F8B004560D5 /* Main.storyboard */ = {
			isa = PBXVariantGroup;
			children = (
				FA85278029409F8B004560D5 /* Base */,
			);
			name = Main.storyboard;
			sourceTree = "<group>";
		};
		FA85278429409F8D004560D5 /* LaunchScreen.storyboard */ = {
			isa = PBXVariantGroup;
			children = (
				FA85278529409F8D004560D5 /* Base */,
			);
			name = LaunchScreen.storyboard;
			sourceTree = "<group>";
		};
/* End PBXVariantGroup section */

/* Begin XCBuildConfiguration section */
		FA85278829409F8D004560D5 /* Debug */ = {
			isa = XCBuildConfiguration;
			buildSettings = {
				ALWAYS_SEARCH_USER_PATHS = NO;
				CLANG_ANALYZER_NONNULL = YES;
				CLANG_ANALYZER_NUMBER_OBJECT_CONVERSION = YES_AGGRESSIVE;
				CLANG_CXX_LANGUAGE_STANDARD = "gnu++20";
				CLANG_ENABLE_MODULES = YES;
				CLANG_ENABLE_OBJC_ARC = YES;
				CLANG_ENABLE_OBJC_WEAK = YES;
				CLANG_WARN_BLOCK_CAPTURE_AUTORELEASING = YES;
				CLANG_WARN_BOOL_CONVERSION = YES;
				CLANG_WARN_COMMA = YES;
				CLANG_WARN_CONSTANT_CONVERSION = YES;
				CLANG_WARN_DEPRECATED_OBJC_IMPLEMENTATIONS = YES;
				CLANG_WARN_DIRECT_OBJC_ISA_USAGE = YES_ERROR;
				CLANG_WARN_DOCUMENTATION_COMMENTS = YES;
				CLANG_WARN_EMPTY_BODY = YES;
				CLANG_WARN_ENUM_CONVERSION = YES;
				CLANG_WARN_INFINITE_RECURSION = YES;
				CLANG_WARN_INT_CONVERSION = YES;
				CLANG_WARN_NON_LITERAL_NULL_CONVERSION = YES;
				CLANG_WARN_OBJC_IMPLICIT_RETAIN_SELF = YES;
				CLANG_WARN_OBJC_LITERAL_CONVERSION = YES;
				CLANG_WARN_OBJC_ROOT_CLASS = YES_ERROR;
				CLANG_WARN_QUOTED_INCLUDE_IN_FRAMEWORK_HEADER = YES;
				CLANG_WARN_RANGE_LOOP_ANALYSIS = YES;
				CLANG_WARN_STRICT_PROTOTYPES = YES;
				CLANG_WARN_SUSPICIOUS_MOVE = YES;
				CLANG_WARN_UNGUARDED_AVAILABILITY = YES_AGGRESSIVE;
				CLANG_WARN_UNREACHABLE_CODE = YES;
				CLANG_WARN__DUPLICATE_METHOD_MATCH = YES;
				COPY_PHASE_STRIP = NO;
				DEBUG_INFORMATION_FORMAT = dwarf;
				ENABLE_STRICT_OBJC_MSGSEND = YES;
				ENABLE_TESTABILITY = YES;
				GCC_C_LANGUAGE_STANDARD = gnu11;
				GCC_DYNAMIC_NO_PIC = NO;
				GCC_NO_COMMON_BLOCKS = YES;
				GCC_OPTIMIZATION_LEVEL = 0;
				GCC_PREPROCESSOR_DEFINITIONS = (
					"DEBUG=1",
					"$(inherited)",
				);
				GCC_WARN_64_TO_32_BIT_CONVERSION = YES;
				GCC_WARN_ABOUT_RETURN_TYPE = YES_ERROR;
				GCC_WARN_UNDECLARED_SELECTOR = YES;
				GCC_WARN_UNINITIALIZED_AUTOS = YES_AGGRESSIVE;
				GCC_WARN_UNUSED_FUNCTION = YES;
				GCC_WARN_UNUSED_VARIABLE = YES;
				IPHONEOS_DEPLOYMENT_TARGET = 16.1;
				MTL_ENABLE_DEBUG_INFO = INCLUDE_SOURCE;
				MTL_FAST_MATH = YES;
				ONLY_ACTIVE_ARCH = YES;
				SDKROOT = iphoneos;
				SWIFT_ACTIVE_COMPILATION_CONDITIONS = DEBUG;
				SWIFT_OPTIMIZATION_LEVEL = "-Onone";
			};
			name = Debug;
		};
		FA85278929409F8D004560D5 /* Release */ = {
			isa = XCBuildConfiguration;
			buildSettings = {
				ALWAYS_SEARCH_USER_PATHS = NO;
				CLANG_ANALYZER_NONNULL = YES;
				CLANG_ANALYZER_NUMBER_OBJECT_CONVERSION = YES_AGGRESSIVE;
				CLANG_CXX_LANGUAGE_STANDARD = "gnu++20";
				CLANG_ENABLE_MODULES = YES;
				CLANG_ENABLE_OBJC_ARC = YES;
				CLANG_ENABLE_OBJC_WEAK = YES;
				CLANG_WARN_BLOCK_CAPTURE_AUTORELEASING = YES;
				CLANG_WARN_BOOL_CONVERSION = YES;
				CLANG_WARN_COMMA = YES;
				CLANG_WARN_CONSTANT_CONVERSION = YES;
				CLANG_WARN_DEPRECATED_OBJC_IMPLEMENTATIONS = YES;
				CLANG_WARN_DIRECT_OBJC_ISA_USAGE = YES_ERROR;
				CLANG_WARN_DOCUMENTATION_COMMENTS = YES;
				CLANG_WARN_EMPTY_BODY = YES;
				CLANG_WARN_ENUM_CONVERSION = YES;
				CLANG_WARN_INFINITE_RECURSION = YES;
				CLANG_WARN_INT_CONVERSION = YES;
				CLANG_WARN_NON_LITERAL_NULL_CONVERSION = YES;
				CLANG_WARN_OBJC_IMPLICIT_RETAIN_SELF = YES;
				CLANG_WARN_OBJC_LITERAL_CONVERSION = YES;
				CLANG_WARN_OBJC_ROOT_CLASS = YES_ERROR;
				CLANG_WARN_QUOTED_INCLUDE_IN_FRAMEWORK_HEADER = YES;
				CLANG_WARN_RANGE_LOOP_ANALYSIS = YES;
				CLANG_WARN_STRICT_PROTOTYPES = YES;
				CLANG_WARN_SUSPICIOUS_MOVE = YES;
				CLANG_WARN_UNGUARDED_AVAILABILITY = YES_AGGRESSIVE;
				CLANG_WARN_UNREACHABLE_CODE = YES;
				CLANG_WARN__DUPLICATE_METHOD_MATCH = YES;
				COPY_PHASE_STRIP = NO;
				DEBUG_INFORMATION_FORMAT = "dwarf-with-dsym";
				ENABLE_NS_ASSERTIONS = NO;
				ENABLE_STRICT_OBJC_MSGSEND = YES;
				GCC_C_LANGUAGE_STANDARD = gnu11;
				GCC_NO_COMMON_BLOCKS = YES;
				GCC_WARN_64_TO_32_BIT_CONVERSION = YES;
				GCC_WARN_ABOUT_RETURN_TYPE = YES_ERROR;
				GCC_WARN_UNDECLARED_SELECTOR = YES;
				GCC_WARN_UNINITIALIZED_AUTOS = YES_AGGRESSIVE;
				GCC_WARN_UNUSED_FUNCTION = YES;
				GCC_WARN_UNUSED_VARIABLE = YES;
				IPHONEOS_DEPLOYMENT_TARGET = 16.1;
				MTL_ENABLE_DEBUG_INFO = NO;
				MTL_FAST_MATH = YES;
				SDKROOT = iphoneos;
				SWIFT_COMPILATION_MODE = wholemodule;
				SWIFT_OPTIMIZATION_LEVEL = "-O";
				VALIDATE_PRODUCT = YES;
			};
			name = Release;
		};
		FA85278B29409F8D004560D5 /* Debug */ = {
			isa = XCBuildConfiguration;
			buildSettings = {
				ASSETCATALOG_COMPILER_APPICON_NAME = AppIcon;
				ASSETCATALOG_COMPILER_GLOBAL_ACCENT_COLOR_NAME = AccentColor;
				CODE_SIGN_STYLE = Automatic;
				CURRENT_PROJECT_VERSION = 1;
				GENERATE_INFOPLIST_FILE = YES;
				INFOPLIST_FILE = StarWarsWorld/Info.plist;
				INFOPLIST_KEY_UIApplicationSupportsIndirectInputEvents = YES;
				INFOPLIST_KEY_UILaunchStoryboardName = LaunchScreen;
				INFOPLIST_KEY_UIMainStoryboardFile = Main;
				INFOPLIST_KEY_UISupportedInterfaceOrientations_iPad = "UIInterfaceOrientationPortrait UIInterfaceOrientationPortraitUpsideDown UIInterfaceOrientationLandscapeLeft UIInterfaceOrientationLandscapeRight";
				INFOPLIST_KEY_UISupportedInterfaceOrientations_iPhone = "UIInterfaceOrientationPortrait UIInterfaceOrientationLandscapeLeft UIInterfaceOrientationLandscapeRight";
				IPHONEOS_DEPLOYMENT_TARGET = 15.0;
				LD_RUNPATH_SEARCH_PATHS = (
					"$(inherited)",
					"@executable_path/Frameworks",
				);
				MARKETING_VERSION = 1.0;
				PRODUCT_BUNDLE_IDENTIFIER = ru.apolinarys.StarWarsWorld;
				PRODUCT_NAME = "$(TARGET_NAME)";
				SUPPORTED_PLATFORMS = "iphoneos iphonesimulator";
				SUPPORTS_MACCATALYST = NO;
				SUPPORTS_MAC_DESIGNED_FOR_IPHONE_IPAD = NO;
				SWIFT_EMIT_LOC_STRINGS = YES;
				SWIFT_VERSION = 5.0;
				TARGETED_DEVICE_FAMILY = "1,2";
			};
			name = Debug;
		};
		FA85278C29409F8D004560D5 /* Release */ = {
			isa = XCBuildConfiguration;
			buildSettings = {
				ASSETCATALOG_COMPILER_APPICON_NAME = AppIcon;
				ASSETCATALOG_COMPILER_GLOBAL_ACCENT_COLOR_NAME = AccentColor;
				CODE_SIGN_STYLE = Automatic;
				CURRENT_PROJECT_VERSION = 1;
				GENERATE_INFOPLIST_FILE = YES;
				INFOPLIST_FILE = StarWarsWorld/Info.plist;
				INFOPLIST_KEY_UIApplicationSupportsIndirectInputEvents = YES;
				INFOPLIST_KEY_UILaunchStoryboardName = LaunchScreen;
				INFOPLIST_KEY_UIMainStoryboardFile = Main;
				INFOPLIST_KEY_UISupportedInterfaceOrientations_iPad = "UIInterfaceOrientationPortrait UIInterfaceOrientationPortraitUpsideDown UIInterfaceOrientationLandscapeLeft UIInterfaceOrientationLandscapeRight";
				INFOPLIST_KEY_UISupportedInterfaceOrientations_iPhone = "UIInterfaceOrientationPortrait UIInterfaceOrientationLandscapeLeft UIInterfaceOrientationLandscapeRight";
				IPHONEOS_DEPLOYMENT_TARGET = 15.0;
				LD_RUNPATH_SEARCH_PATHS = (
					"$(inherited)",
					"@executable_path/Frameworks",
				);
				MARKETING_VERSION = 1.0;
				PRODUCT_BUNDLE_IDENTIFIER = ru.apolinarys.StarWarsWorld;
				PRODUCT_NAME = "$(TARGET_NAME)";
				SUPPORTED_PLATFORMS = "iphoneos iphonesimulator";
				SUPPORTS_MACCATALYST = NO;
				SUPPORTS_MAC_DESIGNED_FOR_IPHONE_IPAD = NO;
				SWIFT_EMIT_LOC_STRINGS = YES;
				SWIFT_VERSION = 5.0;
				TARGETED_DEVICE_FAMILY = "1,2";
			};
			name = Release;
		};
/* End XCBuildConfiguration section */

/* Begin XCConfigurationList section */
		FA85277129409F8B004560D5 /* Build configuration list for PBXProject "StarWarsWorld" */ = {
			isa = XCConfigurationList;
			buildConfigurations = (
				FA85278829409F8D004560D5 /* Debug */,
				FA85278929409F8D004560D5 /* Release */,
			);
			defaultConfigurationIsVisible = 0;
			defaultConfigurationName = Release;
		};
		FA85278A29409F8D004560D5 /* Build configuration list for PBXNativeTarget "StarWarsWorld" */ = {
			isa = XCConfigurationList;
			buildConfigurations = (
				FA85278B29409F8D004560D5 /* Debug */,
				FA85278C29409F8D004560D5 /* Release */,
			);
			defaultConfigurationIsVisible = 0;
			defaultConfigurationName = Release;
		};
/* End XCConfigurationList section */

/* Begin XCVersionGroup section */
		FA040A1B2943A05400C76868 /* CoreDataModel.xcdatamodeld */ = {
			isa = XCVersionGroup;
			children = (
				FA040A1C2943A05400C76868 /* CoreDataModel.xcdatamodel */,
			);
			currentVersion = FA040A1C2943A05400C76868 /* CoreDataModel.xcdatamodel */;
			path = CoreDataModel.xcdatamodeld;
			sourceTree = "<group>";
			versionGroupType = wrapper.xcdatamodel;
		};
/* End XCVersionGroup section */
	};
	rootObject = FA85276E29409F8B004560D5 /* Project object */;
}
