// !$*UTF8*$!
{
	archiveVersion = 1;
	classes = {
	};
	objectVersion = 56;
	objects = {

/* Begin PBXBuildFile section */
		FA85277A29409F8B004560D5 /* AppDelegate.swift in Sources */ = {isa = PBXBuildFile; fileRef = FA85277929409F8B004560D5 /* AppDelegate.swift */; };
		FA85278129409F8B004560D5 /* Main.storyboard in Resources */ = {isa = PBXBuildFile; fileRef = FA85277F29409F8B004560D5 /* Main.storyboard */; };
		FA85278329409F8D004560D5 /* Assets.xcassets in Resources */ = {isa = PBXBuildFile; fileRef = FA85278229409F8D004560D5 /* Assets.xcassets */; };
		FA85278629409F8D004560D5 /* LaunchScreen.storyboard in Resources */ = {isa = PBXBuildFile; fileRef = FA85278429409F8D004560D5 /* LaunchScreen.storyboard */; };
		FA85278F2940A435004560D5 /* FilmsResponseModel.swift in Sources */ = {isa = PBXBuildFile; fileRef = FA85278E2940A435004560D5 /* FilmsResponseModel.swift */; };
		FA8527952940AFEA004560D5 /* RequestSender.swift in Sources */ = {isa = PBXBuildFile; fileRef = FA8527942940AFEA004560D5 /* RequestSender.swift */; };
		FA8527972940B007004560D5 /* FilmsRequest.swift in Sources */ = {isa = PBXBuildFile; fileRef = FA8527962940B007004560D5 /* FilmsRequest.swift */; };
		FA8527992940B041004560D5 /* FilmsParser.swift in Sources */ = {isa = PBXBuildFile; fileRef = FA8527982940B041004560D5 /* FilmsParser.swift */; };
		FA85279B2940B091004560D5 /* RequestsFactory.swift in Sources */ = {isa = PBXBuildFile; fileRef = FA85279A2940B091004560D5 /* RequestsFactory.swift */; };
		FA85279E2940B0FB004560D5 /* RequestConfig.swift in Sources */ = {isa = PBXBuildFile; fileRef = FA85279D2940B0FB004560D5 /* RequestConfig.swift */; };
		FA8527A02940B118004560D5 /* NetworkError.swift in Sources */ = {isa = PBXBuildFile; fileRef = FA85279F2940B118004560D5 /* NetworkError.swift */; };
		FA8527A32940B140004560D5 /* NetworkProtocols.swift in Sources */ = {isa = PBXBuildFile; fileRef = FA8527A22940B140004560D5 /* NetworkProtocols.swift */; };
		FA8527A72940B23F004560D5 /* FilmModel.swift in Sources */ = {isa = PBXBuildFile; fileRef = FA8527A62940B23F004560D5 /* FilmModel.swift */; };
		FA8527B22940B9BB004560D5 /* FilmsListViewModel.swift in Sources */ = {isa = PBXBuildFile; fileRef = FA8527B12940B9BB004560D5 /* FilmsListViewModel.swift */; };
		FA8527B42940B9D9004560D5 /* FilmsListViewModelController.swift in Sources */ = {isa = PBXBuildFile; fileRef = FA8527B32940B9D9004560D5 /* FilmsListViewModelController.swift */; };
		FA8527B72940C5B3004560D5 /* Logger.swift in Sources */ = {isa = PBXBuildFile; fileRef = FA8527B62940C5B3004560D5 /* Logger.swift */; };
		FA8527BA2940D045004560D5 /* FilmsListTableViewCell.swift in Sources */ = {isa = PBXBuildFile; fileRef = FA8527B82940D045004560D5 /* FilmsListTableViewCell.swift */; };
		FA8527BB2940D045004560D5 /* FilmsListTableViewCell.xib in Resources */ = {isa = PBXBuildFile; fileRef = FA8527B92940D045004560D5 /* FilmsListTableViewCell.xib */; };
		FA88DA322942212500C17145 /* FilmsListViewController.swift in Sources */ = {isa = PBXBuildFile; fileRef = FA88DA302942212500C17145 /* FilmsListViewController.swift */; };
		FA88DA332942212500C17145 /* FilmsListViewController.xib in Resources */ = {isa = PBXBuildFile; fileRef = FA88DA312942212500C17145 /* FilmsListViewController.xib */; };
		FA88DA352942227300C17145 /* ViewControllersFactory.swift in Sources */ = {isa = PBXBuildFile; fileRef = FA88DA342942227300C17145 /* ViewControllersFactory.swift */; };
		FAAB3F242943273D00A4999E /* CharactersListViewController.swift in Sources */ = {isa = PBXBuildFile; fileRef = FAAB3F222943273D00A4999E /* CharactersListViewController.swift */; };
		FAAB3F252943273D00A4999E /* CharactersListViewController.xib in Resources */ = {isa = PBXBuildFile; fileRef = FAAB3F232943273D00A4999E /* CharactersListViewController.xib */; };
		FAAB3F2829432A7D00A4999E /* CharactersListTableViewCell.swift in Sources */ = {isa = PBXBuildFile; fileRef = FAAB3F2629432A7D00A4999E /* CharactersListTableViewCell.swift */; };
		FAAB3F2929432A7D00A4999E /* CharactersListTableViewCell.xib in Resources */ = {isa = PBXBuildFile; fileRef = FAAB3F2729432A7D00A4999E /* CharactersListTableViewCell.xib */; };
/* End PBXBuildFile section */

/* Begin PBXFileReference section */
		FA85277629409F8B004560D5 /* StarWarsWorld.app */ = {isa = PBXFileReference; explicitFileType = wrapper.application; includeInIndex = 0; path = StarWarsWorld.app; sourceTree = BUILT_PRODUCTS_DIR; };
		FA85277929409F8B004560D5 /* AppDelegate.swift */ = {isa = PBXFileReference; lastKnownFileType = sourcecode.swift; path = AppDelegate.swift; sourceTree = "<group>"; };
		FA85278029409F8B004560D5 /* Base */ = {isa = PBXFileReference; lastKnownFileType = file.storyboard; name = Base; path = Base.lproj/Main.storyboard; sourceTree = "<group>"; };
		FA85278229409F8D004560D5 /* Assets.xcassets */ = {isa = PBXFileReference; lastKnownFileType = folder.assetcatalog; path = Assets.xcassets; sourceTree = "<group>"; };
		FA85278529409F8D004560D5 /* Base */ = {isa = PBXFileReference; lastKnownFileType = file.storyboard; name = Base; path = Base.lproj/LaunchScreen.storyboard; sourceTree = "<group>"; };
		FA85278729409F8D004560D5 /* Info.plist */ = {isa = PBXFileReference; lastKnownFileType = text.plist.xml; path = Info.plist; sourceTree = "<group>"; };
		FA85278E2940A435004560D5 /* FilmsResponseModel.swift */ = {isa = PBXFileReference; lastKnownFileType = sourcecode.swift; path = FilmsResponseModel.swift; sourceTree = "<group>"; };
		FA8527942940AFEA004560D5 /* RequestSender.swift */ = {isa = PBXFileReference; lastKnownFileType = sourcecode.swift; path = RequestSender.swift; sourceTree = "<group>"; };
		FA8527962940B007004560D5 /* FilmsRequest.swift */ = {isa = PBXFileReference; lastKnownFileType = sourcecode.swift; path = FilmsRequest.swift; sourceTree = "<group>"; };
		FA8527982940B041004560D5 /* FilmsParser.swift */ = {isa = PBXFileReference; lastKnownFileType = sourcecode.swift; path = FilmsParser.swift; sourceTree = "<group>"; };
		FA85279A2940B091004560D5 /* RequestsFactory.swift */ = {isa = PBXFileReference; lastKnownFileType = sourcecode.swift; path = RequestsFactory.swift; sourceTree = "<group>"; };
		FA85279D2940B0FB004560D5 /* RequestConfig.swift */ = {isa = PBXFileReference; lastKnownFileType = sourcecode.swift; path = RequestConfig.swift; sourceTree = "<group>"; };
		FA85279F2940B118004560D5 /* NetworkError.swift */ = {isa = PBXFileReference; lastKnownFileType = sourcecode.swift; path = NetworkError.swift; sourceTree = "<group>"; };
		FA8527A22940B140004560D5 /* NetworkProtocols.swift */ = {isa = PBXFileReference; lastKnownFileType = sourcecode.swift; path = NetworkProtocols.swift; sourceTree = "<group>"; };
		FA8527A62940B23F004560D5 /* FilmModel.swift */ = {isa = PBXFileReference; lastKnownFileType = sourcecode.swift; path = FilmModel.swift; sourceTree = "<group>"; };
		FA8527B12940B9BB004560D5 /* FilmsListViewModel.swift */ = {isa = PBXFileReference; lastKnownFileType = sourcecode.swift; path = FilmsListViewModel.swift; sourceTree = "<group>"; };
		FA8527B32940B9D9004560D5 /* FilmsListViewModelController.swift */ = {isa = PBXFileReference; lastKnownFileType = sourcecode.swift; path = FilmsListViewModelController.swift; sourceTree = "<group>"; };
		FA8527B62940C5B3004560D5 /* Logger.swift */ = {isa = PBXFileReference; lastKnownFileType = sourcecode.swift; path = Logger.swift; sourceTree = "<group>"; };
		FA8527B82940D045004560D5 /* FilmsListTableViewCell.swift */ = {isa = PBXFileReference; lastKnownFileType = sourcecode.swift; path = FilmsListTableViewCell.swift; sourceTree = "<group>"; };
		FA8527B92940D045004560D5 /* FilmsListTableViewCell.xib */ = {isa = PBXFileReference; lastKnownFileType = file.xib; path = FilmsListTableViewCell.xib; sourceTree = "<group>"; };
		FA88DA302942212500C17145 /* FilmsListViewController.swift */ = {isa = PBXFileReference; lastKnownFileType = sourcecode.swift; path = FilmsListViewController.swift; sourceTree = "<group>"; };
		FA88DA312942212500C17145 /* FilmsListViewController.xib */ = {isa = PBXFileReference; lastKnownFileType = file.xib; path = FilmsListViewController.xib; sourceTree = "<group>"; };
		FA88DA342942227300C17145 /* ViewControllersFactory.swift */ = {isa = PBXFileReference; lastKnownFileType = sourcecode.swift; path = ViewControllersFactory.swift; sourceTree = "<group>"; };
		FAAB3F222943273D00A4999E /* CharactersListViewController.swift */ = {isa = PBXFileReference; lastKnownFileType = sourcecode.swift; path = CharactersListViewController.swift; sourceTree = "<group>"; };
		FAAB3F232943273D00A4999E /* CharactersListViewController.xib */ = {isa = PBXFileReference; lastKnownFileType = file.xib; path = CharactersListViewController.xib; sourceTree = "<group>"; };
		FAAB3F2629432A7D00A4999E /* CharactersListTableViewCell.swift */ = {isa = PBXFileReference; lastKnownFileType = sourcecode.swift; path = CharactersListTableViewCell.swift; sourceTree = "<group>"; };
		FAAB3F2729432A7D00A4999E /* CharactersListTableViewCell.xib */ = {isa = PBXFileReference; lastKnownFileType = file.xib; path = CharactersListTableViewCell.xib; sourceTree = "<group>"; };
/* End PBXFileReference section */

/* Begin PBXFrameworksBuildPhase section */
		FA85277329409F8B004560D5 /* Frameworks */ = {
			isa = PBXFrameworksBuildPhase;
			buildActionMask = 2147483647;
			files = (
			);
			runOnlyForDeploymentPostprocessing = 0;
		};
/* End PBXFrameworksBuildPhase section */

/* Begin PBXGroup section */
		FA85276D29409F8B004560D5 = {
			isa = PBXGroup;
			children = (
				FA85277829409F8B004560D5 /* StarWarsWorld */,
				FA85277729409F8B004560D5 /* Products */,
			);
			sourceTree = "<group>";
		};
		FA85277729409F8B004560D5 /* Products */ = {
			isa = PBXGroup;
			children = (
				FA85277629409F8B004560D5 /* StarWarsWorld.app */,
			);
			name = Products;
			sourceTree = "<group>";
		};
		FA85277829409F8B004560D5 /* StarWarsWorld */ = {
			isa = PBXGroup;
			children = (
				FA88DA342942227300C17145 /* ViewControllersFactory.swift */,
				FA85277929409F8B004560D5 /* AppDelegate.swift */,
				FA8527AE2940B8AA004560D5 /* PresentationLayer */,
				FA85279C2940B0ED004560D5 /* CoreLayer */,
				FA85278D2940A41C004560D5 /* ServiceLayer */,
				FA8527A12940B121004560D5 /* Protocols */,
				FA85277F29409F8B004560D5 /* Main.storyboard */,
				FA85278229409F8D004560D5 /* Assets.xcassets */,
				FA85278429409F8D004560D5 /* LaunchScreen.storyboard */,
				FA85278729409F8D004560D5 /* Info.plist */,
				FA8527B62940C5B3004560D5 /* Logger.swift */,
			);
			path = StarWarsWorld;
			sourceTree = "<group>";
		};
		FA85278D2940A41C004560D5 /* ServiceLayer */ = {
			isa = PBXGroup;
			children = (
				FA8527A82940B3CD004560D5 /* RequestSender */,
				FA8527AA2940B3E3004560D5 /* Films */,
				FA8527AB2940B403004560D5 /* Factories */,
			);
			path = ServiceLayer;
			sourceTree = "<group>";
		};
		FA85279C2940B0ED004560D5 /* CoreLayer */ = {
			isa = PBXGroup;
			children = (
				FA85279D2940B0FB004560D5 /* RequestConfig.swift */,
				FA85279F2940B118004560D5 /* NetworkError.swift */,
			);
			path = CoreLayer;
			sourceTree = "<group>";
		};
		FA8527A12940B121004560D5 /* Protocols */ = {
			isa = PBXGroup;
			children = (
				FA8527A22940B140004560D5 /* NetworkProtocols.swift */,
			);
			path = Protocols;
			sourceTree = "<group>";
		};
		FA8527A82940B3CD004560D5 /* RequestSender */ = {
			isa = PBXGroup;
			children = (
				FA8527942940AFEA004560D5 /* RequestSender.swift */,
			);
			path = RequestSender;
			sourceTree = "<group>";
		};
		FA8527AA2940B3E3004560D5 /* Films */ = {
			isa = PBXGroup;
			children = (
				FA85278E2940A435004560D5 /* FilmsResponseModel.swift */,
				FA8527962940B007004560D5 /* FilmsRequest.swift */,
				FA8527982940B041004560D5 /* FilmsParser.swift */,
			);
			path = Films;
			sourceTree = "<group>";
		};
		FA8527AB2940B403004560D5 /* Factories */ = {
			isa = PBXGroup;
			children = (
				FA85279A2940B091004560D5 /* RequestsFactory.swift */,
			);
			path = Factories;
			sourceTree = "<group>";
		};
		FA8527AE2940B8AA004560D5 /* PresentationLayer */ = {
			isa = PBXGroup;
			children = (
				FAAB3F212943272100A4999E /* CharactersListScreen */,
				FA88DA362942243000C17145 /* FilmsListScreen */,
			);
			path = PresentationLayer;
			sourceTree = "<group>";
		};
		FA8527AF2940B972004560D5 /* FilmsListView */ = {
			isa = PBXGroup;
			children = (
				FA88DA302942212500C17145 /* FilmsListViewController.swift */,
				FA88DA312942212500C17145 /* FilmsListViewController.xib */,
				FA8527B82940D045004560D5 /* FilmsListTableViewCell.swift */,
				FA8527B92940D045004560D5 /* FilmsListTableViewCell.xib */,
			);
			path = FilmsListView;
			sourceTree = "<group>";
		};
		FA8527B02940B9A3004560D5 /* FilmsListModel */ = {
			isa = PBXGroup;
			children = (
				FA8527A62940B23F004560D5 /* FilmModel.swift */,
			);
			path = FilmsListModel;
			sourceTree = "<group>";
		};
		FA8527B52940B9F8004560D5 /* FilmsListViewModel */ = {
			isa = PBXGroup;
			children = (
				FA8527B12940B9BB004560D5 /* FilmsListViewModel.swift */,
				FA8527B32940B9D9004560D5 /* FilmsListViewModelController.swift */,
			);
			path = FilmsListViewModel;
			sourceTree = "<group>";
		};
		FA88DA362942243000C17145 /* FilmsListScreen */ = {
			isa = PBXGroup;
			children = (
				FA8527B02940B9A3004560D5 /* FilmsListModel */,
				FA8527AF2940B972004560D5 /* FilmsListView */,
				FA8527B52940B9F8004560D5 /* FilmsListViewModel */,
			);
			path = FilmsListScreen;
			sourceTree = "<group>";
		};
		FAAB3F212943272100A4999E /* CharactersListScreen */ = {
			isa = PBXGroup;
			children = (
				FAAB3F222943273D00A4999E /* CharactersListViewController.swift */,
				FAAB3F2629432A7D00A4999E /* CharactersListTableViewCell.swift */,
				FAAB3F2729432A7D00A4999E /* CharactersListTableViewCell.xib */,
				FAAB3F232943273D00A4999E /* CharactersListViewController.xib */,
			);
			path = CharactersListScreen;
			sourceTree = "<group>";
		};
/* End PBXGroup section */

/* Begin PBXNativeTarget section */
		FA85277529409F8B004560D5 /* StarWarsWorld */ = {
			isa = PBXNativeTarget;
			buildConfigurationList = FA85278A29409F8D004560D5 /* Build configuration list for PBXNativeTarget "StarWarsWorld" */;
			buildPhases = (
				FA85277229409F8B004560D5 /* Sources */,
				FA85277329409F8B004560D5 /* Frameworks */,
				FA85277429409F8B004560D5 /* Resources */,
			);
			buildRules = (
			);
			dependencies = (
			);
			name = StarWarsWorld;
			productName = StarWarsWorld;
			productReference = FA85277629409F8B004560D5 /* StarWarsWorld.app */;
			productType = "com.apple.product-type.application";
		};
/* End PBXNativeTarget section */

/* Begin PBXProject section */
		FA85276E29409F8B004560D5 /* Project object */ = {
			isa = PBXProject;
			attributes = {
				BuildIndependentTargetsInParallel = 1;
				LastSwiftUpdateCheck = 1410;
				LastUpgradeCheck = 1410;
				TargetAttributes = {
					FA85277529409F8B004560D5 = {
						CreatedOnToolsVersion = 14.1;
					};
				};
			};
			buildConfigurationList = FA85277129409F8B004560D5 /* Build configuration list for PBXProject "StarWarsWorld" */;
			compatibilityVersion = "Xcode 14.0";
			developmentRegion = en;
			hasScannedForEncodings = 0;
			knownRegions = (
				en,
				Base,
			);
			mainGroup = FA85276D29409F8B004560D5;
			productRefGroup = FA85277729409F8B004560D5 /* Products */;
			projectDirPath = "";
			projectRoot = "";
			targets = (
				FA85277529409F8B004560D5 /* StarWarsWorld */,
			);
		};
/* End PBXProject section */

/* Begin PBXResourcesBuildPhase section */
		FA85277429409F8B004560D5 /* Resources */ = {
			isa = PBXResourcesBuildPhase;
			buildActionMask = 2147483647;
			files = (
				FA85278629409F8D004560D5 /* LaunchScreen.storyboard in Resources */,
				FA8527BB2940D045004560D5 /* FilmsListTableViewCell.xib in Resources */,
				FA85278329409F8D004560D5 /* Assets.xcassets in Resources */,
				FA88DA332942212500C17145 /* FilmsListViewController.xib in Resources */,
				FAAB3F252943273D00A4999E /* CharactersListViewController.xib in Resources */,
				FA85278129409F8B004560D5 /* Main.storyboard in Resources */,
				FAAB3F2929432A7D00A4999E /* CharactersListTableViewCell.xib in Resources */,
			);
			runOnlyForDeploymentPostprocessing = 0;
		};
/* End PBXResourcesBuildPhase section */

/* Begin PBXSourcesBuildPhase section */
		FA85277229409F8B004560D5 /* Sources */ = {
			isa = PBXSourcesBuildPhase;
			buildActionMask = 2147483647;
			files = (
				FA8527A32940B140004560D5 /* NetworkProtocols.swift in Sources */,
				FA8527BA2940D045004560D5 /* FilmsListTableViewCell.swift in Sources */,
				FA85277A29409F8B004560D5 /* AppDelegate.swift in Sources */,
				FA8527B42940B9D9004560D5 /* FilmsListViewModelController.swift in Sources */,
				FA85279B2940B091004560D5 /* RequestsFactory.swift in Sources */,
				FA8527952940AFEA004560D5 /* RequestSender.swift in Sources */,
				FA8527B72940C5B3004560D5 /* Logger.swift in Sources */,
				FAAB3F242943273D00A4999E /* CharactersListViewController.swift in Sources */,
				FA85279E2940B0FB004560D5 /* RequestConfig.swift in Sources */,
				FA8527992940B041004560D5 /* FilmsParser.swift in Sources */,
				FA88DA352942227300C17145 /* ViewControllersFactory.swift in Sources */,
				FA8527B22940B9BB004560D5 /* FilmsListViewModel.swift in Sources */,
				FA8527972940B007004560D5 /* FilmsRequest.swift in Sources */,
				FAAB3F2829432A7D00A4999E /* CharactersListTableViewCell.swift in Sources */,
				FA88DA322942212500C17145 /* FilmsListViewController.swift in Sources */,
				FA85278F2940A435004560D5 /* FilmsResponseModel.swift in Sources */,
				FA8527A72940B23F004560D5 /* FilmModel.swift in Sources */,
				FA8527A02940B118004560D5 /* NetworkError.swift in Sources */,
			);
			runOnlyForDeploymentPostprocessing = 0;
		};
/* End PBXSourcesBuildPhase section */

/* Begin PBXVariantGroup section */
		FA85277F29409F8B004560D5 /* Main.storyboard */ = {
			isa = PBXVariantGroup;
			children = (
				FA85278029409F8B004560D5 /* Base */,
			);
			name = Main.storyboard;
			sourceTree = "<group>";
		};
		FA85278429409F8D004560D5 /* LaunchScreen.storyboard */ = {
			isa = PBXVariantGroup;
			children = (
				FA85278529409F8D004560D5 /* Base */,
			);
			name = LaunchScreen.storyboard;
			sourceTree = "<group>";
		};
/* End PBXVariantGroup section */

/* Begin XCBuildConfiguration section */
		FA85278829409F8D004560D5 /* Debug */ = {
			isa = XCBuildConfiguration;
			buildSettings = {
				ALWAYS_SEARCH_USER_PATHS = NO;
				CLANG_ANALYZER_NONNULL = YES;
				CLANG_ANALYZER_NUMBER_OBJECT_CONVERSION = YES_AGGRESSIVE;
				CLANG_CXX_LANGUAGE_STANDARD = "gnu++20";
				CLANG_ENABLE_MODULES = YES;
				CLANG_ENABLE_OBJC_ARC = YES;
				CLANG_ENABLE_OBJC_WEAK = YES;
				CLANG_WARN_BLOCK_CAPTURE_AUTORELEASING = YES;
				CLANG_WARN_BOOL_CONVERSION = YES;
				CLANG_WARN_COMMA = YES;
				CLANG_WARN_CONSTANT_CONVERSION = YES;
				CLANG_WARN_DEPRECATED_OBJC_IMPLEMENTATIONS = YES;
				CLANG_WARN_DIRECT_OBJC_ISA_USAGE = YES_ERROR;
				CLANG_WARN_DOCUMENTATION_COMMENTS = YES;
				CLANG_WARN_EMPTY_BODY = YES;
				CLANG_WARN_ENUM_CONVERSION = YES;
				CLANG_WARN_INFINITE_RECURSION = YES;
				CLANG_WARN_INT_CONVERSION = YES;
				CLANG_WARN_NON_LITERAL_NULL_CONVERSION = YES;
				CLANG_WARN_OBJC_IMPLICIT_RETAIN_SELF = YES;
				CLANG_WARN_OBJC_LITERAL_CONVERSION = YES;
				CLANG_WARN_OBJC_ROOT_CLASS = YES_ERROR;
				CLANG_WARN_QUOTED_INCLUDE_IN_FRAMEWORK_HEADER = YES;
				CLANG_WARN_RANGE_LOOP_ANALYSIS = YES;
				CLANG_WARN_STRICT_PROTOTYPES = YES;
				CLANG_WARN_SUSPICIOUS_MOVE = YES;
				CLANG_WARN_UNGUARDED_AVAILABILITY = YES_AGGRESSIVE;
				CLANG_WARN_UNREACHABLE_CODE = YES;
				CLANG_WARN__DUPLICATE_METHOD_MATCH = YES;
				COPY_PHASE_STRIP = NO;
				DEBUG_INFORMATION_FORMAT = dwarf;
				ENABLE_STRICT_OBJC_MSGSEND = YES;
				ENABLE_TESTABILITY = YES;
				GCC_C_LANGUAGE_STANDARD = gnu11;
				GCC_DYNAMIC_NO_PIC = NO;
				GCC_NO_COMMON_BLOCKS = YES;
				GCC_OPTIMIZATION_LEVEL = 0;
				GCC_PREPROCESSOR_DEFINITIONS = (
					"DEBUG=1",
					"$(inherited)",
				);
				GCC_WARN_64_TO_32_BIT_CONVERSION = YES;
				GCC_WARN_ABOUT_RETURN_TYPE = YES_ERROR;
				GCC_WARN_UNDECLARED_SELECTOR = YES;
				GCC_WARN_UNINITIALIZED_AUTOS = YES_AGGRESSIVE;
				GCC_WARN_UNUSED_FUNCTION = YES;
				GCC_WARN_UNUSED_VARIABLE = YES;
				IPHONEOS_DEPLOYMENT_TARGET = 16.1;
				MTL_ENABLE_DEBUG_INFO = INCLUDE_SOURCE;
				MTL_FAST_MATH = YES;
				ONLY_ACTIVE_ARCH = YES;
				SDKROOT = iphoneos;
				SWIFT_ACTIVE_COMPILATION_CONDITIONS = DEBUG;
				SWIFT_OPTIMIZATION_LEVEL = "-Onone";
			};
			name = Debug;
		};
		FA85278929409F8D004560D5 /* Release */ = {
			isa = XCBuildConfiguration;
			buildSettings = {
				ALWAYS_SEARCH_USER_PATHS = NO;
				CLANG_ANALYZER_NONNULL = YES;
				CLANG_ANALYZER_NUMBER_OBJECT_CONVERSION = YES_AGGRESSIVE;
				CLANG_CXX_LANGUAGE_STANDARD = "gnu++20";
				CLANG_ENABLE_MODULES = YES;
				CLANG_ENABLE_OBJC_ARC = YES;
				CLANG_ENABLE_OBJC_WEAK = YES;
				CLANG_WARN_BLOCK_CAPTURE_AUTORELEASING = YES;
				CLANG_WARN_BOOL_CONVERSION = YES;
				CLANG_WARN_COMMA = YES;
				CLANG_WARN_CONSTANT_CONVERSION = YES;
				CLANG_WARN_DEPRECATED_OBJC_IMPLEMENTATIONS = YES;
				CLANG_WARN_DIRECT_OBJC_ISA_USAGE = YES_ERROR;
				CLANG_WARN_DOCUMENTATION_COMMENTS = YES;
				CLANG_WARN_EMPTY_BODY = YES;
				CLANG_WARN_ENUM_CONVERSION = YES;
				CLANG_WARN_INFINITE_RECURSION = YES;
				CLANG_WARN_INT_CONVERSION = YES;
				CLANG_WARN_NON_LITERAL_NULL_CONVERSION = YES;
				CLANG_WARN_OBJC_IMPLICIT_RETAIN_SELF = YES;
				CLANG_WARN_OBJC_LITERAL_CONVERSION = YES;
				CLANG_WARN_OBJC_ROOT_CLASS = YES_ERROR;
				CLANG_WARN_QUOTED_INCLUDE_IN_FRAMEWORK_HEADER = YES;
				CLANG_WARN_RANGE_LOOP_ANALYSIS = YES;
				CLANG_WARN_STRICT_PROTOTYPES = YES;
				CLANG_WARN_SUSPICIOUS_MOVE = YES;
				CLANG_WARN_UNGUARDED_AVAILABILITY = YES_AGGRESSIVE;
				CLANG_WARN_UNREACHABLE_CODE = YES;
				CLANG_WARN__DUPLICATE_METHOD_MATCH = YES;
				COPY_PHASE_STRIP = NO;
				DEBUG_INFORMATION_FORMAT = "dwarf-with-dsym";
				ENABLE_NS_ASSERTIONS = NO;
				ENABLE_STRICT_OBJC_MSGSEND = YES;
				GCC_C_LANGUAGE_STANDARD = gnu11;
				GCC_NO_COMMON_BLOCKS = YES;
				GCC_WARN_64_TO_32_BIT_CONVERSION = YES;
				GCC_WARN_ABOUT_RETURN_TYPE = YES_ERROR;
				GCC_WARN_UNDECLARED_SELECTOR = YES;
				GCC_WARN_UNINITIALIZED_AUTOS = YES_AGGRESSIVE;
				GCC_WARN_UNUSED_FUNCTION = YES;
				GCC_WARN_UNUSED_VARIABLE = YES;
				IPHONEOS_DEPLOYMENT_TARGET = 16.1;
				MTL_ENABLE_DEBUG_INFO = NO;
				MTL_FAST_MATH = YES;
				SDKROOT = iphoneos;
				SWIFT_COMPILATION_MODE = wholemodule;
				SWIFT_OPTIMIZATION_LEVEL = "-O";
				VALIDATE_PRODUCT = YES;
			};
			name = Release;
		};
		FA85278B29409F8D004560D5 /* Debug */ = {
			isa = XCBuildConfiguration;
			buildSettings = {
				ASSETCATALOG_COMPILER_APPICON_NAME = AppIcon;
				ASSETCATALOG_COMPILER_GLOBAL_ACCENT_COLOR_NAME = AccentColor;
				CODE_SIGN_STYLE = Automatic;
				CURRENT_PROJECT_VERSION = 1;
				GENERATE_INFOPLIST_FILE = YES;
				INFOPLIST_FILE = StarWarsWorld/Info.plist;
				INFOPLIST_KEY_UIApplicationSupportsIndirectInputEvents = YES;
				INFOPLIST_KEY_UILaunchStoryboardName = LaunchScreen;
				INFOPLIST_KEY_UIMainStoryboardFile = Main;
				INFOPLIST_KEY_UISupportedInterfaceOrientations_iPad = "UIInterfaceOrientationPortrait UIInterfaceOrientationPortraitUpsideDown UIInterfaceOrientationLandscapeLeft UIInterfaceOrientationLandscapeRight";
				INFOPLIST_KEY_UISupportedInterfaceOrientations_iPhone = "UIInterfaceOrientationPortrait UIInterfaceOrientationLandscapeLeft UIInterfaceOrientationLandscapeRight";
				IPHONEOS_DEPLOYMENT_TARGET = 15.0;
				LD_RUNPATH_SEARCH_PATHS = (
					"$(inherited)",
					"@executable_path/Frameworks",
				);
				MARKETING_VERSION = 1.0;
				PRODUCT_BUNDLE_IDENTIFIER = ru.apolinarys.StarWarsWorld;
				PRODUCT_NAME = "$(TARGET_NAME)";
				SUPPORTED_PLATFORMS = "iphoneos iphonesimulator";
				SUPPORTS_MACCATALYST = NO;
				SUPPORTS_MAC_DESIGNED_FOR_IPHONE_IPAD = NO;
				SWIFT_EMIT_LOC_STRINGS = YES;
				SWIFT_VERSION = 5.0;
				TARGETED_DEVICE_FAMILY = "1,2";
			};
			name = Debug;
		};
		FA85278C29409F8D004560D5 /* Release */ = {
			isa = XCBuildConfiguration;
			buildSettings = {
				ASSETCATALOG_COMPILER_APPICON_NAME = AppIcon;
				ASSETCATALOG_COMPILER_GLOBAL_ACCENT_COLOR_NAME = AccentColor;
				CODE_SIGN_STYLE = Automatic;
				CURRENT_PROJECT_VERSION = 1;
				GENERATE_INFOPLIST_FILE = YES;
				INFOPLIST_FILE = StarWarsWorld/Info.plist;
				INFOPLIST_KEY_UIApplicationSupportsIndirectInputEvents = YES;
				INFOPLIST_KEY_UILaunchStoryboardName = LaunchScreen;
				INFOPLIST_KEY_UIMainStoryboardFile = Main;
				INFOPLIST_KEY_UISupportedInterfaceOrientations_iPad = "UIInterfaceOrientationPortrait UIInterfaceOrientationPortraitUpsideDown UIInterfaceOrientationLandscapeLeft UIInterfaceOrientationLandscapeRight";
				INFOPLIST_KEY_UISupportedInterfaceOrientations_iPhone = "UIInterfaceOrientationPortrait UIInterfaceOrientationLandscapeLeft UIInterfaceOrientationLandscapeRight";
				IPHONEOS_DEPLOYMENT_TARGET = 15.0;
				LD_RUNPATH_SEARCH_PATHS = (
					"$(inherited)",
					"@executable_path/Frameworks",
				);
				MARKETING_VERSION = 1.0;
				PRODUCT_BUNDLE_IDENTIFIER = ru.apolinarys.StarWarsWorld;
				PRODUCT_NAME = "$(TARGET_NAME)";
				SUPPORTED_PLATFORMS = "iphoneos iphonesimulator";
				SUPPORTS_MACCATALYST = NO;
				SUPPORTS_MAC_DESIGNED_FOR_IPHONE_IPAD = NO;
				SWIFT_EMIT_LOC_STRINGS = YES;
				SWIFT_VERSION = 5.0;
				TARGETED_DEVICE_FAMILY = "1,2";
			};
			name = Release;
		};
/* End XCBuildConfiguration section */

/* Begin XCConfigurationList section */
		FA85277129409F8B004560D5 /* Build configuration list for PBXProject "StarWarsWorld" */ = {
			isa = XCConfigurationList;
			buildConfigurations = (
				FA85278829409F8D004560D5 /* Debug */,
				FA85278929409F8D004560D5 /* Release */,
			);
			defaultConfigurationIsVisible = 0;
			defaultConfigurationName = Release;
		};
		FA85278A29409F8D004560D5 /* Build configuration list for PBXNativeTarget "StarWarsWorld" */ = {
			isa = XCConfigurationList;
			buildConfigurations = (
				FA85278B29409F8D004560D5 /* Debug */,
				FA85278C29409F8D004560D5 /* Release */,
			);
			defaultConfigurationIsVisible = 0;
			defaultConfigurationName = Release;
		};
/* End XCConfigurationList section */
	};
	rootObject = FA85276E29409F8B004560D5 /* Project object */;
}
